<?xml version="1.0"?>
<Project ToolsVersion="15.0" xmlns="http://schemas.microsoft.com/developer/msbuild/2003">
  <ItemGroup>
    <Filter Include="Common">
      <UniqueIdentifier>{a17bf4f0-e4f2-4f18-85cc-429e8a406a51}</UniqueIdentifier>
    </Filter>
    <Filter Include="Assets">
      <UniqueIdentifier>{16b98dba-2ed9-414a-8088-32e9074d9ab8}</UniqueIdentifier>
    </Filter>
    <Filter Include="CGCT">
      <UniqueIdentifier>{6C363A0A-6053-426A-97D4-DC31D18E4400}</UniqueIdentifier>
    </Filter>
    <Filter Include="CGCT\Base">
      <UniqueIdentifier>{6F66F48B-DBF1-4193-9DE1-4A776FAA4814}</UniqueIdentifier>
    </Filter>
    <Filter Include="CGCT\Supporting Files">
      <UniqueIdentifier>{F5903FD6-BF3B-49D1-B084-494D99D28505}</UniqueIdentifier>
    </Filter>
    <Filter Include="Xcode Variable Files">
      <UniqueIdentifier>{DD847CD3-368E-42CC-ACF1-FB4B3D9EB43B}</UniqueIdentifier>
    </Filter>
  </ItemGroup>
  <ItemGroup>
    <Xml Include="default.rd.xml" />
    <AppxManifest Include="Package.appxmanifest" />
    <None Include="CGCT_TemporaryKey.pfx" />
    <Image Include="Assets\LockScreenLogo.scale-200.png">
      <Filter>Assets</Filter>
    </Image>
    <Image Include="Assets\SplashScreen.scale-200.png">
      <Filter>Assets</Filter>
    </Image>
    <Image Include="Assets\Square150x150Logo.scale-200.png">
      <Filter>Assets</Filter>
    </Image>
    <Image Include="Assets\Square44x44Logo.scale-200.png">
      <Filter>Assets</Filter>
    </Image>
    <Image Include="Assets\Square44x44Logo.targetsize-24_altform-unplated.png">
      <Filter>Assets</Filter>
    </Image>
    <Image Include="Assets\StoreLogo.png">
      <Filter>Assets</Filter>
    </Image>
    <Image Include="Assets\Wide310x150Logo.scale-200.png">
      <Filter>Assets</Filter>
    </Image>
    <AssetCatalogCompile Include="..\..\CGCT\Assets.xcassets">
      <Filter>CGCT</Filter>
    </AssetCatalogCompile>
    <ClInclude Include="..\..\CGCT\AppDelegate.h">
      <Filter>CGCT</Filter>
    </ClInclude>
    <ClInclude Include="..\..\CGCT\CGView.h">
      <Filter>CGCT</Filter>
    </ClInclude>
    <ClInclude Include="..\..\CGCT\DemoTableViewCell.h">
      <Filter>CGCT</Filter>
    </ClInclude>
    <ClInclude Include="..\..\CGCT\PathDemoTableViewCell.h">
      <Filter>CGCT</Filter>
    </ClInclude>
    <ClInclude Include="..\..\CGCT\ViewController.h">
      <Filter>CGCT</Filter>
    </ClInclude>
    <ClangCompile Include="..\..\CGCT\AppDelegate.m">
      <Filter>CGCT</Filter>
    </ClangCompile>
    <ClangCompile Include="..\..\CGCT\CGView.m">
      <Filter>CGCT</Filter>
    </ClangCompile>
    <ClangCompile Include="..\..\CGCT\DemoTableViewCell.m">
      <Filter>CGCT</Filter>
    </ClangCompile>
    <ClangCompile Include="..\..\CGCT\PathDemoTableViewCell.m">
      <Filter>CGCT</Filter>
    </ClangCompile>
    <ClangCompile Include="..\..\CGCT\ViewController.m">
      <Filter>CGCT</Filter>
    </ClangCompile>
    <ClangCompile Include="..\..\CGCT\main.m">
      <Filter>CGCT\Supporting Files</Filter>
    </ClangCompile>
    <SBInfoPlistCopy Include="..\..\CGCT\Info.plist" />
    <StoryboardCompile Include="..\..\CGCT\Base.lproj\LaunchScreen.storyboard">
      <Filter>CGCT\Base</Filter>
    </StoryboardCompile>
    <StoryboardCompile Include="..\..\CGCT\Base.lproj\Main.storyboard">
      <Filter>CGCT\Base</Filter>
    </StoryboardCompile>
    <Text Include="CGCT-Debug-xcvars.txt">
      <Filter>Xcode Variable Files</Filter>
    </Text>
    <Text Include="CGCT-Release-xcvars.txt">
      <Filter>Xcode Variable Files</Filter>
    </Text>
  </ItemGroup>
</Project>
